
Microsoft Visual Studio Solution File, Format Version 12.00
# Visual Studio Version 16
VisualStudioVersion = 16.0.30711.63
MinimumVisualStudioVersion = 10.0.40219.1
Project("{FAE04EC0-301F-11D3-BF4B-00C04F79EFBC}") = "MigracionTablesAzure", "MigracionTablesAzure\MigracionTablesAzure.csproj", "{43B60922-04BF-4E6A-985D-E14CBB42E22C}"
EndProject
Global
	GlobalSection(SolutionConfigurationPlatforms) = preSolution
		Debug|Any CPU = Debug|Any CPU
		Release|Any CPU = Release|Any CPU
	EndGlobalSection
	GlobalSection(ProjectConfigurationPlatforms) = postSolution
		{43B60922-04BF-4E6A-985D-E14CBB42E22C}.Debug|Any CPU.ActiveCfg = Debug|Any CPU
		{43B60922-04BF-4E6A-985D-E14CBB42E22C}.Debug|Any CPU.Build.0 = Debug|Any CPU
		{43B60922-04BF-4E6A-985D-E14CBB42E22C}.Release|Any CPU.ActiveCfg = Release|Any CPU
		{43B60922-04BF-4E6A-985D-E14CBB42E22C}.Release|Any CPU.Build.0 = Release|Any CPU
	EndGlobalSection
	GlobalSection(SolutionProperties) = preSolution
		HideSolutionNode = FALSE
	EndGlobalSection
	GlobalSection(ExtensibilityGlobals) = postSolution
		SolutionGuid = {646EE57B-0115-4408-A39F-A96592799666}
	EndGlobalSection
EndGlobal
